
Microsoft Visual Studio Solution File, Format Version 12.00
# Visual Studio Version 17
VisualStudioVersion = 17.4.33103.184
MinimumVisualStudioVersion = 10.0.40219.1
Project("{9A19103F-16F7-4668-BE54-9A1E7A4F7556}") = "HW5.4", "HW5.4\HW5.4.csproj", "{59196524-FF47-46E7-9445-D7041E02E0A1}"
EndProject
Project("{FAE04EC0-301F-11D3-BF4B-00C04F79EFBC}") = "Task1", "Task1\Task1.csproj", "{F34B4C3E-CF44-45DF-82E4-3F404ABCF043}"
EndProject
Global
	GlobalSection(SolutionConfigurationPlatforms) = preSolution
		Debug|Any CPU = Debug|Any CPU
		Release|Any CPU = Release|Any CPU
	EndGlobalSection
	GlobalSection(ProjectConfigurationPlatforms) = postSolution
		{59196524-FF47-46E7-9445-D7041E02E0A1}.Debug|Any CPU.ActiveCfg = Debug|Any CPU
		{59196524-FF47-46E7-9445-D7041E02E0A1}.Debug|Any CPU.Build.0 = Debug|Any CPU
		{59196524-FF47-46E7-9445-D7041E02E0A1}.Release|Any CPU.ActiveCfg = Release|Any CPU
		{59196524-FF47-46E7-9445-D7041E02E0A1}.Release|Any CPU.Build.0 = Release|Any CPU
		{F34B4C3E-CF44-45DF-82E4-3F404ABCF043}.Debug|Any CPU.ActiveCfg = Debug|Any CPU
		{F34B4C3E-CF44-45DF-82E4-3F404ABCF043}.Debug|Any CPU.Build.0 = Debug|Any CPU
		{F34B4C3E-CF44-45DF-82E4-3F404ABCF043}.Release|Any CPU.ActiveCfg = Release|Any CPU
		{F34B4C3E-CF44-45DF-82E4-3F404ABCF043}.Release|Any CPU.Build.0 = Release|Any CPU
	EndGlobalSection
	GlobalSection(SolutionProperties) = preSolution
		HideSolutionNode = FALSE
	EndGlobalSection
	GlobalSection(ExtensibilityGlobals) = postSolution
		SolutionGuid = {49F0B719-6E03-4E4D-840E-69B377827A11}
	EndGlobalSection
EndGlobal
